
Microsoft Visual Studio Solution File, Format Version 12.00
# Visual Studio Version 16
VisualStudioVersion = 16.0.30709.64
MinimumVisualStudioVersion = 10.0.40219.1
Project("{FAE04EC0-301F-11D3-BF4B-00C04F79EFBC}") = "$MODNAME$", "$MODNAME$.csproj", "{9E15486D-CB17-42FA-9E89-FDEB88982106}"
EndProject
Global
	GlobalSection(SolutionConfigurationPlatforms) = preSolution
		Debug|Any CPU = Debug|Any CPU
		Release|Any CPU = Release|Any CPU
	EndGlobalSection
	GlobalSection(ProjectConfigurationPlatforms) = postSolution
		{9E15486D-CB17-42FA-9E89-FDEB88982106}.Debug|Any CPU.ActiveCfg = Debug|Any CPU
		{9E15486D-CB17-42FA-9E89-FDEB88982106}.Debug|Any CPU.Build.0 = Debug|Any CPU
		{9E15486D-CB17-42FA-9E89-FDEB88982106}.Release|Any CPU.ActiveCfg = Release|Any CPU
		{9E15486D-CB17-42FA-9E89-FDEB88982106}.Release|Any CPU.Build.0 = Release|Any CPU
	EndGlobalSection
	GlobalSection(SolutionProperties) = preSolution
		HideSolutionNode = FALSE
	EndGlobalSection
	GlobalSection(ExtensibilityGlobals) = postSolution
		SolutionGuid = {1681F369-4A85-447C-A6CB-EA8470F5BA4D}
	EndGlobalSection
EndGlobal
